
Microsoft Visual Studio Solution File, Format Version 12.00
# Visual Studio Version 17
VisualStudioVersion = 17.14.36301.6 d17.14
MinimumVisualStudioVersion = 10.0.40219.1
Project("{FAE04EC0-301F-11D3-BF4B-00C04F79EFBC}") = "ShiftsLogger.API", "ShiftsLogger.API\ShiftsLogger.API.csproj", "{08BBFD9E-0042-415D-A3DA-DC4919FFA082}"
EndProject
Project("{FAE04EC0-301F-11D3-BF4B-00C04F79EFBC}") = "ShiftsLogger.ConsoleUI", "ShiftsLogger.ConsoleUI\ShiftsLogger.ConsoleUI.csproj", "{2659E8BE-9217-437B-87D5-BB40F9A6A6E2}"
EndProject
Global
	GlobalSection(SolutionConfigurationPlatforms) = preSolution
		Debug|Any CPU = Debug|Any CPU
		Release|Any CPU = Release|Any CPU
	EndGlobalSection
	GlobalSection(ProjectConfigurationPlatforms) = postSolution
		{08BBFD9E-0042-415D-A3DA-DC4919FFA082}.Debug|Any CPU.ActiveCfg = Debug|Any CPU
		{08BBFD9E-0042-415D-A3DA-DC4919FFA082}.Debug|Any CPU.Build.0 = Debug|Any CPU
		{08BBFD9E-0042-415D-A3DA-DC4919FFA082}.Release|Any CPU.ActiveCfg = Release|Any CPU
		{08BBFD9E-0042-415D-A3DA-DC4919FFA082}.Release|Any CPU.Build.0 = Release|Any CPU
		{2659E8BE-9217-437B-87D5-BB40F9A6A6E2}.Debug|Any CPU.ActiveCfg = Debug|Any CPU
		{2659E8BE-9217-437B-87D5-BB40F9A6A6E2}.Debug|Any CPU.Build.0 = Debug|Any CPU
		{2659E8BE-9217-437B-87D5-BB40F9A6A6E2}.Release|Any CPU.ActiveCfg = Release|Any CPU
		{2659E8BE-9217-437B-87D5-BB40F9A6A6E2}.Release|Any CPU.Build.0 = Release|Any CPU
	EndGlobalSection
	GlobalSection(SolutionProperties) = preSolution
		HideSolutionNode = FALSE
	EndGlobalSection
	GlobalSection(ExtensibilityGlobals) = postSolution
		SolutionGuid = {1C0DBA60-D31B-493E-A6E3-3EBC07201030}
	EndGlobalSection
EndGlobal
